github.com/spf13/pflag v1.0.5 h1:iy+VFUOCP1a+8yFto/drg2CJ5u0yRoB7fZw3DKv/JXA=
github.com/spf13/pflag v1.0.5/go.mod h1:McXfInJRrz4CZXVZOBLb0bTZqETkiAhM9Iw0y3An2Bg=
inet.af/tcpproxy v0.0.0-20200125044825-b6bb9b5b8252 h1:gmJCKidOfjKDUHF1jjke+I+2iQIyE3HNNxu2OKO/FUI=
inet.af/tcpproxy v0.0.0-20200125044825-b6bb9b5b8252/go.mod h1:zq+R+tLcdHugi7Jt+FtIQY6m6wtX34lr2CdQVH2fhW0=
