github.com/armon/go-proxyproto v0.0.0-20210323213023-7e956b284f0a/go.mod h1:QmP9hvJ91BbJmGVGSbutW19IC0Q9phDCLGaomwTJbgU=
github.com/spf13/pflag v1.0.10 h1:4EBh2KAYBwaONj6b2Ye1GiHfwjqyROoF4RwYO+vPwFk=
github.com/spf13/pflag v1.0.10/go.mod h1:McXfInJRrz4CZXVZOBLb0bTZqETkiAhM9Iw0y3An2Bg=
inet.af/tcpproxy v0.0.0-20231102063150-2862066fc2a9 h1:zomTWJvjwLbKRgGameQtpK6DNFUbZ2oNJuWhgUkGp3M=
inet.af/tcpproxy v0.0.0-20231102063150-2862066fc2a9/go.mod h1:Tojt5kmHpDIR2jMojxzZK2w2ZR7OILODmUo2gaSwjrk=
